// !$*UTF8*$!
{
	archiveVersion = 1;
	classes = {
	};
	objectVersion = 46;
	objects = {

/* Begin PBXBuildFile section */
		5611869C1E7A8156003009D2 /* DragonflyTests.swift in Sources */ = {isa = PBXBuildFile; fileRef = 5611869B1E7A8156003009D2 /* DragonflyTests.swift */; };
		561186A71E7A8156003009D2 /* DragonflyUITests.swift in Sources */ = {isa = PBXBuildFile; fileRef = 561186A61E7A8156003009D2 /* DragonflyUITests.swift */; };
		561186B71E7A81B8003009D2 /* AppDelegate.swift in Sources */ = {isa = PBXBuildFile; fileRef = 561186B51E7A81B8003009D2 /* AppDelegate.swift */; };
		561186B81E7A81B8003009D2 /* Assets.xcassets in Resources */ = {isa = PBXBuildFile; fileRef = 561186B61E7A81B8003009D2 /* Assets.xcassets */; };
		561186BE1E7A8252003009D2 /* CYRootViewController.swift in Sources */ = {isa = PBXBuildFile; fileRef = 561186BD1E7A8252003009D2 /* CYRootViewController.swift */; };
		561186D81E7A8585003009D2 /* CYClassifyViewController.swift in Sources */ = {isa = PBXBuildFile; fileRef = 561186D71E7A8585003009D2 /* CYClassifyViewController.swift */; };
		561186DA1E7A8590003009D2 /* CYFeaturedViewController.swift in Sources */ = {isa = PBXBuildFile; fileRef = 561186D91E7A8590003009D2 /* CYFeaturedViewController.swift */; };
		561186DC1E7A8597003009D2 /* CYLiveViewController.swift in Sources */ = {isa = PBXBuildFile; fileRef = 561186DB1E7A8597003009D2 /* CYLiveViewController.swift */; };
		561186DE1E7A85A1003009D2 /* CYMineViewController.swift in Sources */ = {isa = PBXBuildFile; fileRef = 561186DD1E7A85A1003009D2 /* CYMineViewController.swift */; };
		561186E01E7A85AA003009D2 /* CYRadioViewController.swift in Sources */ = {isa = PBXBuildFile; fileRef = 561186DF1E7A85AA003009D2 /* CYRadioViewController.swift */; };
		561186E21E7A85B4003009D2 /* CYSearchViewController.swift in Sources */ = {isa = PBXBuildFile; fileRef = 561186E11E7A85B4003009D2 /* CYSearchViewController.swift */; };
		561186E81E7A94F7003009D2 /* CYBaseNavigationController.swift in Sources */ = {isa = PBXBuildFile; fileRef = 561186E71E7A94F7003009D2 /* CYBaseNavigationController.swift */; };
		561186EA1E7A9A7E003009D2 /* CYRootTitleView.swift in Sources */ = {isa = PBXBuildFile; fileRef = 561186E91E7A9A7E003009D2 /* CYRootTitleView.swift */; };
		561186EC1E7A9A8B003009D2 /* CYRootTitleView.xib in Resources */ = {isa = PBXBuildFile; fileRef = 561186EB1E7A9A8B003009D2 /* CYRootTitleView.xib */; };
		561186EE1E7AAB7F003009D2 /* CYFeaturedViewController.xib in Resources */ = {isa = PBXBuildFile; fileRef = 561186ED1E7AAB7F003009D2 /* CYFeaturedViewController.xib */; };
		561186F01E7AAC9E003009D2 /* CYFeaturedHeaderView.swift in Sources */ = {isa = PBXBuildFile; fileRef = 561186EF1E7AAC9E003009D2 /* CYFeaturedHeaderView.swift */; };
		561187641E7BC81F003009D2 /* CYCarouselView.swift in Sources */ = {isa = PBXBuildFile; fileRef = 5611875A1E7BC81F003009D2 /* CYCarouselView.swift */; };
		561187651E7BC81F003009D2 /* CYCarouselView.xib in Resources */ = {isa = PBXBuildFile; fileRef = 5611875B1E7BC81F003009D2 /* CYCarouselView.xib */; };
		561187661E7BC81F003009D2 /* CYCarouselViewCell.swift in Sources */ = {isa = PBXBuildFile; fileRef = 5611875C1E7BC81F003009D2 /* CYCarouselViewCell.swift */; };
		561187671E7BC81F003009D2 /* CYCarouselViewCell.xib in Resources */ = {isa = PBXBuildFile; fileRef = 5611875D1E7BC81F003009D2 /* CYCarouselViewCell.xib */; };
		561187681E7BC81F003009D2 /* UICollectionViewCell+Extension.swift in Sources */ = {isa = PBXBuildFile; fileRef = 561187611E7BC81F003009D2 /* UICollectionViewCell+Extension.swift */; };
		561187691E7BC81F003009D2 /* UITableViewCell+Extension.swift in Sources */ = {isa = PBXBuildFile; fileRef = 561187621E7BC81F003009D2 /* UITableViewCell+Extension.swift */; };
		5611876A1E7BC81F003009D2 /* UIView+Nib.swift in Sources */ = {isa = PBXBuildFile; fileRef = 561187631E7BC81F003009D2 /* UIView+Nib.swift */; };
		5611876C1E7BC841003009D2 /* UIImageView+Extension.swift in Sources */ = {isa = PBXBuildFile; fileRef = 5611876B1E7BC841003009D2 /* UIImageView+Extension.swift */; };
		5611876E1E7BDAE8003009D2 /* CYClassifyViewController.xib in Resources */ = {isa = PBXBuildFile; fileRef = 5611876D1E7BDAE8003009D2 /* CYClassifyViewController.xib */; };
		561187711E7BDC14003009D2 /* CYClassifyViewCell.swift in Sources */ = {isa = PBXBuildFile; fileRef = 5611876F1E7BDC14003009D2 /* CYClassifyViewCell.swift */; };
		561187721E7BDC14003009D2 /* CYClassifyViewCell.xib in Resources */ = {isa = PBXBuildFile; fileRef = 561187701E7BDC14003009D2 /* CYClassifyViewCell.xib */; };
		561187751E7BDC29003009D2 /* CYClassifyViewEditCell.swift in Sources */ = {isa = PBXBuildFile; fileRef = 561187731E7BDC29003009D2 /* CYClassifyViewEditCell.swift */; };
		561187761E7BDC29003009D2 /* CYClassifyViewEditCell.xib in Resources */ = {isa = PBXBuildFile; fileRef = 561187741E7BDC29003009D2 /* CYClassifyViewEditCell.xib */; };
		56F2FA051E7ACE90002995D1 /* CYFeaturedTopicTitleView.swift in Sources */ = {isa = PBXBuildFile; fileRef = 56F2FA041E7ACE90002995D1 /* CYFeaturedTopicTitleView.swift */; };
		56F2FA091E7ACEE9002995D1 /* CYFeaturedTopicCell.swift in Sources */ = {isa = PBXBuildFile; fileRef = 56F2FA081E7ACEE9002995D1 /* CYFeaturedTopicCell.swift */; };
		5DC4E2C96E7A80EC6A55BAB1 /* Pods_Dragonfly.framework in Frameworks */ = {isa = PBXBuildFile; fileRef = 8D56F6DDB35E9F33A5FE7895 /* Pods_Dragonfly.framework */; };
/* End PBXBuildFile section */

/* Begin PBXContainerItemProxy section */
		561186981E7A8156003009D2 /* PBXContainerItemProxy */ = {
			isa = PBXContainerItemProxy;
			containerPortal = 5611867B1E7A8155003009D2 /* Project object */;
			proxyType = 1;
			remoteGlobalIDString = 561186821E7A8155003009D2;
			remoteInfo = Dragonfly;
		};
		561186A31E7A8156003009D2 /* PBXContainerItemProxy */ = {
			isa = PBXContainerItemProxy;
			containerPortal = 5611867B1E7A8155003009D2 /* Project object */;
			proxyType = 1;
			remoteGlobalIDString = 561186821E7A8155003009D2;
			remoteInfo = Dragonfly;
		};
/* End PBXContainerItemProxy section */

/* Begin PBXFileReference section */
		4249269A82EFFF1689F3D332 /* Pods-Dragonfly.debug.xcconfig */ = {isa = PBXFileReference; includeInIndex = 1; lastKnownFileType = text.xcconfig; name = "Pods-Dragonfly.debug.xcconfig"; path = "Pods/Target Support Files/Pods-Dragonfly/Pods-Dragonfly.debug.xcconfig"; sourceTree = "<group>"; };
		561186831E7A8155003009D2 /* Dragonfly.app */ = {isa = PBXFileReference; explicitFileType = wrapper.application; includeInIndex = 0; path = Dragonfly.app; sourceTree = BUILT_PRODUCTS_DIR; };
		561186921E7A8155003009D2 /* Info.plist */ = {isa = PBXFileReference; lastKnownFileType = text.plist.xml; name = Info.plist; path = ../Info.plist; sourceTree = "<group>"; };
		561186971E7A8156003009D2 /* DragonflyTests.xctest */ = {isa = PBXFileReference; explicitFileType = wrapper.cfbundle; includeInIndex = 0; path = DragonflyTests.xctest; sourceTree = BUILT_PRODUCTS_DIR; };
		5611869B1E7A8156003009D2 /* DragonflyTests.swift */ = {isa = PBXFileReference; lastKnownFileType = sourcecode.swift; path = DragonflyTests.swift; sourceTree = "<group>"; };
		5611869D1E7A8156003009D2 /* Info.plist */ = {isa = PBXFileReference; lastKnownFileType = text.plist.xml; path = Info.plist; sourceTree = "<group>"; };
		561186A21E7A8156003009D2 /* DragonflyUITests.xctest */ = {isa = PBXFileReference; explicitFileType = wrapper.cfbundle; includeInIndex = 0; path = DragonflyUITests.xctest; sourceTree = BUILT_PRODUCTS_DIR; };
		561186A61E7A8156003009D2 /* DragonflyUITests.swift */ = {isa = PBXFileReference; lastKnownFileType = sourcecode.swift; path = DragonflyUITests.swift; sourceTree = "<group>"; };
		561186A81E7A8156003009D2 /* Info.plist */ = {isa = PBXFileReference; lastKnownFileType = text.plist.xml; path = Info.plist; sourceTree = "<group>"; };
		561186B51E7A81B8003009D2 /* AppDelegate.swift */ = {isa = PBXFileReference; fileEncoding = 4; lastKnownFileType = sourcecode.swift; path = AppDelegate.swift; sourceTree = "<group>"; };
		561186B61E7A81B8003009D2 /* Assets.xcassets */ = {isa = PBXFileReference; lastKnownFileType = folder.assetcatalog; path = Assets.xcassets; sourceTree = "<group>"; };
		561186BD1E7A8252003009D2 /* CYRootViewController.swift */ = {isa = PBXFileReference; fileEncoding = 4; lastKnownFileType = sourcecode.swift; path = CYRootViewController.swift; sourceTree = "<group>"; };
		561186D71E7A8585003009D2 /* CYClassifyViewController.swift */ = {isa = PBXFileReference; fileEncoding = 4; lastKnownFileType = sourcecode.swift; path = CYClassifyViewController.swift; sourceTree = "<group>"; };
		561186D91E7A8590003009D2 /* CYFeaturedViewController.swift */ = {isa = PBXFileReference; fileEncoding = 4; lastKnownFileType = sourcecode.swift; path = CYFeaturedViewController.swift; sourceTree = "<group>"; };
		561186DB1E7A8597003009D2 /* CYLiveViewController.swift */ = {isa = PBXFileReference; fileEncoding = 4; lastKnownFileType = sourcecode.swift; path = CYLiveViewController.swift; sourceTree = "<group>"; };
		561186DD1E7A85A1003009D2 /* CYMineViewController.swift */ = {isa = PBXFileReference; fileEncoding = 4; lastKnownFileType = sourcecode.swift; path = CYMineViewController.swift; sourceTree = "<group>"; };
		561186DF1E7A85AA003009D2 /* CYRadioViewController.swift */ = {isa = PBXFileReference; fileEncoding = 4; lastKnownFileType = sourcecode.swift; path = CYRadioViewController.swift; sourceTree = "<group>"; };
		561186E11E7A85B4003009D2 /* CYSearchViewController.swift */ = {isa = PBXFileReference; fileEncoding = 4; lastKnownFileType = sourcecode.swift; path = CYSearchViewController.swift; sourceTree = "<group>"; };
		561186E71E7A94F7003009D2 /* CYBaseNavigationController.swift */ = {isa = PBXFileReference; fileEncoding = 4; lastKnownFileType = sourcecode.swift; path = CYBaseNavigationController.swift; sourceTree = "<group>"; };
		561186E91E7A9A7E003009D2 /* CYRootTitleView.swift */ = {isa = PBXFileReference; fileEncoding = 4; lastKnownFileType = sourcecode.swift; path = CYRootTitleView.swift; sourceTree = "<group>"; };
		561186EB1E7A9A8B003009D2 /* CYRootTitleView.xib */ = {isa = PBXFileReference; fileEncoding = 4; lastKnownFileType = file.xib; path = CYRootTitleView.xib; sourceTree = "<group>"; };
		561186ED1E7AAB7F003009D2 /* CYFeaturedViewController.xib */ = {isa = PBXFileReference; fileEncoding = 4; lastKnownFileType = file.xib; path = CYFeaturedViewController.xib; sourceTree = "<group>"; };
		561186EF1E7AAC9E003009D2 /* CYFeaturedHeaderView.swift */ = {isa = PBXFileReference; fileEncoding = 4; lastKnownFileType = sourcecode.swift; path = CYFeaturedHeaderView.swift; sourceTree = "<group>"; };
		5611875A1E7BC81F003009D2 /* CYCarouselView.swift */ = {isa = PBXFileReference; fileEncoding = 4; lastKnownFileType = sourcecode.swift; path = CYCarouselView.swift; sourceTree = "<group>"; };
		5611875B1E7BC81F003009D2 /* CYCarouselView.xib */ = {isa = PBXFileReference; fileEncoding = 4; lastKnownFileType = file.xib; path = CYCarouselView.xib; sourceTree = "<group>"; };
		5611875C1E7BC81F003009D2 /* CYCarouselViewCell.swift */ = {isa = PBXFileReference; fileEncoding = 4; lastKnownFileType = sourcecode.swift; path = CYCarouselViewCell.swift; sourceTree = "<group>"; };
		5611875D1E7BC81F003009D2 /* CYCarouselViewCell.xib */ = {isa = PBXFileReference; fileEncoding = 4; lastKnownFileType = file.xib; path = CYCarouselViewCell.xib; sourceTree = "<group>"; };
		561187611E7BC81F003009D2 /* UICollectionViewCell+Extension.swift */ = {isa = PBXFileReference; fileEncoding = 4; lastKnownFileType = sourcecode.swift; path = "UICollectionViewCell+Extension.swift"; sourceTree = "<group>"; };
		561187621E7BC81F003009D2 /* UITableViewCell+Extension.swift */ = {isa = PBXFileReference; fileEncoding = 4; lastKnownFileType = sourcecode.swift; path = "UITableViewCell+Extension.swift"; sourceTree = "<group>"; };
		561187631E7BC81F003009D2 /* UIView+Nib.swift */ = {isa = PBXFileReference; fileEncoding = 4; lastKnownFileType = sourcecode.swift; path = "UIView+Nib.swift"; sourceTree = "<group>"; };
		5611876B1E7BC841003009D2 /* UIImageView+Extension.swift */ = {isa = PBXFileReference; fileEncoding = 4; lastKnownFileType = sourcecode.swift; path = "UIImageView+Extension.swift"; sourceTree = "<group>"; };
		5611876D1E7BDAE8003009D2 /* CYClassifyViewController.xib */ = {isa = PBXFileReference; fileEncoding = 4; lastKnownFileType = file.xib; path = CYClassifyViewController.xib; sourceTree = "<group>"; };
		5611876F1E7BDC14003009D2 /* CYClassifyViewCell.swift */ = {isa = PBXFileReference; fileEncoding = 4; lastKnownFileType = sourcecode.swift; path = CYClassifyViewCell.swift; sourceTree = "<group>"; };
		561187701E7BDC14003009D2 /* CYClassifyViewCell.xib */ = {isa = PBXFileReference; fileEncoding = 4; lastKnownFileType = file.xib; path = CYClassifyViewCell.xib; sourceTree = "<group>"; };
		561187731E7BDC29003009D2 /* CYClassifyViewEditCell.swift */ = {isa = PBXFileReference; fileEncoding = 4; lastKnownFileType = sourcecode.swift; path = CYClassifyViewEditCell.swift; sourceTree = "<group>"; };
		561187741E7BDC29003009D2 /* CYClassifyViewEditCell.xib */ = {isa = PBXFileReference; fileEncoding = 4; lastKnownFileType = file.xib; path = CYClassifyViewEditCell.xib; sourceTree = "<group>"; };
		56F2FA041E7ACE90002995D1 /* CYFeaturedTopicTitleView.swift */ = {isa = PBXFileReference; fileEncoding = 4; lastKnownFileType = sourcecode.swift; path = CYFeaturedTopicTitleView.swift; sourceTree = "<group>"; };
		56F2FA081E7ACEE9002995D1 /* CYFeaturedTopicCell.swift */ = {isa = PBXFileReference; fileEncoding = 4; lastKnownFileType = sourcecode.swift; path = CYFeaturedTopicCell.swift; sourceTree = "<group>"; };
		8D56F6DDB35E9F33A5FE7895 /* Pods_Dragonfly.framework */ = {isa = PBXFileReference; explicitFileType = wrapper.framework; includeInIndex = 0; path = Pods_Dragonfly.framework; sourceTree = BUILT_PRODUCTS_DIR; };
		B060701B83D1ED74BEC0FEFA /* Pods-Dragonfly.release.xcconfig */ = {isa = PBXFileReference; includeInIndex = 1; lastKnownFileType = text.xcconfig; name = "Pods-Dragonfly.release.xcconfig"; path = "Pods/Target Support Files/Pods-Dragonfly/Pods-Dragonfly.release.xcconfig"; sourceTree = "<group>"; };
/* End PBXFileReference section */

/* Begin PBXFrameworksBuildPhase section */
		561186801E7A8155003009D2 /* Frameworks */ = {
			isa = PBXFrameworksBuildPhase;
			buildActionMask = 2147483647;
			files = (
				5DC4E2C96E7A80EC6A55BAB1 /* Pods_Dragonfly.framework in Frameworks */,
			);
			runOnlyForDeploymentPostprocessing = 0;
		};
		561186941E7A8156003009D2 /* Frameworks */ = {
			isa = PBXFrameworksBuildPhase;
			buildActionMask = 2147483647;
			files = (
			);
			runOnlyForDeploymentPostprocessing = 0;
		};
		5611869F1E7A8156003009D2 /* Frameworks */ = {
			isa = PBXFrameworksBuildPhase;
			buildActionMask = 2147483647;
			files = (
			);
			runOnlyForDeploymentPostprocessing = 0;
		};
/* End PBXFrameworksBuildPhase section */

/* Begin PBXGroup section */
		5611867A1E7A8155003009D2 = {
			isa = PBXGroup;
			children = (
				561186851E7A8155003009D2 /* Dragonfly */,
				5611869A1E7A8156003009D2 /* DragonflyTests */,
				561186A51E7A8156003009D2 /* DragonflyUITests */,
				561186841E7A8155003009D2 /* Products */,
				EA2ED3045962FD760B383DF0 /* Pods */,
				60A41B03DAC8081B4C67578E /* Frameworks */,
			);
			sourceTree = "<group>";
		};
		561186841E7A8155003009D2 /* Products */ = {
			isa = PBXGroup;
			children = (
				561186831E7A8155003009D2 /* Dragonfly.app */,
				561186971E7A8156003009D2 /* DragonflyTests.xctest */,
				561186A21E7A8156003009D2 /* DragonflyUITests.xctest */,
			);
			name = Products;
			sourceTree = "<group>";
		};
		561186851E7A8155003009D2 /* Dragonfly */ = {
			isa = PBXGroup;
			children = (
				5611873B1E7BAEF1003009D2 /* Other */,
				561186E31E7A94E7003009D2 /* Base */,
				561186BF1E7A8516003009D2 /* Classify */,
				561186C31E7A8516003009D2 /* Featured */,
				561186C71E7A8516003009D2 /* Live */,
				561186CB1E7A8516003009D2 /* Mine */,
				561186CF1E7A8516003009D2 /* Radio */,
				561186D31E7A8516003009D2 /* Search */,
				561186B91E7A81C7003009D2 /* Main */,
				561186B41E7A81B8003009D2 /* App */,
			);
			path = Dragonfly;
			sourceTree = "<group>";
		};
		5611869A1E7A8156003009D2 /* DragonflyTests */ = {
			isa = PBXGroup;
			children = (
				5611869B1E7A8156003009D2 /* DragonflyTests.swift */,
				5611869D1E7A8156003009D2 /* Info.plist */,
			);
			path = DragonflyTests;
			sourceTree = "<group>";
		};
		561186A51E7A8156003009D2 /* DragonflyUITests */ = {
			isa = PBXGroup;
			children = (
				561186A61E7A8156003009D2 /* DragonflyUITests.swift */,
				561186A81E7A8156003009D2 /* Info.plist */,
			);
			path = DragonflyUITests;
			sourceTree = "<group>";
		};
		561186B41E7A81B8003009D2 /* App */ = {
			isa = PBXGroup;
			children = (
				561186921E7A8155003009D2 /* Info.plist */,
				561186B51E7A81B8003009D2 /* AppDelegate.swift */,
				561186B61E7A81B8003009D2 /* Assets.xcassets */,
			);
			path = App;
			sourceTree = "<group>";
		};
		561186B91E7A81C7003009D2 /* Main */ = {
			isa = PBXGroup;
			children = (
				561186BA1E7A81DB003009D2 /* Controller */,
				561186BB1E7A81DB003009D2 /* Model */,
				561186BC1E7A81DB003009D2 /* View */,
			);
			path = Main;
			sourceTree = "<group>";
		};
		561186BA1E7A81DB003009D2 /* Controller */ = {
			isa = PBXGroup;
			children = (
				561186BD1E7A8252003009D2 /* CYRootViewController.swift */,
			);
			path = Controller;
			sourceTree = "<group>";
		};
		561186BB1E7A81DB003009D2 /* Model */ = {
			isa = PBXGroup;
			children = (
			);
			path = Model;
			sourceTree = "<group>";
		};
		561186BC1E7A81DB003009D2 /* View */ = {
			isa = PBXGroup;
			children = (
				561186E91E7A9A7E003009D2 /* CYRootTitleView.swift */,
				561186EB1E7A9A8B003009D2 /* CYRootTitleView.xib */,
			);
			path = View;
			sourceTree = "<group>";
		};
		561186BF1E7A8516003009D2 /* Classify */ = {
			isa = PBXGroup;
			children = (
				561186C01E7A8516003009D2 /* Controller */,
				561186C11E7A8516003009D2 /* Model */,
				561186C21E7A8516003009D2 /* View */,
			);
			path = Classify;
			sourceTree = "<group>";
		};
		561186C01E7A8516003009D2 /* Controller */ = {
			isa = PBXGroup;
			children = (
				561186D71E7A8585003009D2 /* CYClassifyViewController.swift */,
				5611876D1E7BDAE8003009D2 /* CYClassifyViewController.xib */,
			);
			path = Controller;
			sourceTree = "<group>";
		};
		561186C11E7A8516003009D2 /* Model */ = {
			isa = PBXGroup;
			children = (
			);
			path = Model;
			sourceTree = "<group>";
		};
		561186C21E7A8516003009D2 /* View */ = {
			isa = PBXGroup;
			children = (
				5611876F1E7BDC14003009D2 /* CYClassifyViewCell.swift */,
				561187701E7BDC14003009D2 /* CYClassifyViewCell.xib */,
				561187731E7BDC29003009D2 /* CYClassifyViewEditCell.swift */,
				561187741E7BDC29003009D2 /* CYClassifyViewEditCell.xib */,
			);
			path = View;
			sourceTree = "<group>";
		};
		561186C31E7A8516003009D2 /* Featured */ = {
			isa = PBXGroup;
			children = (
				561186C41E7A8516003009D2 /* Controller */,
				561186C51E7A8516003009D2 /* Model */,
				561186C61E7A8516003009D2 /* View */,
			);
			path = Featured;
			sourceTree = "<group>";
		};
		561186C41E7A8516003009D2 /* Controller */ = {
			isa = PBXGroup;
			children = (
				561186D91E7A8590003009D2 /* CYFeaturedViewController.swift */,
				561186ED1E7AAB7F003009D2 /* CYFeaturedViewController.xib */,
			);
			path = Controller;
			sourceTree = "<group>";
		};
		561186C51E7A8516003009D2 /* Model */ = {
			isa = PBXGroup;
			children = (
			);
			path = Model;
			sourceTree = "<group>";
		};
		561186C61E7A8516003009D2 /* View */ = {
			isa = PBXGroup;
			children = (
				561186EF1E7AAC9E003009D2 /* CYFeaturedHeaderView.swift */,
				56F2FA041E7ACE90002995D1 /* CYFeaturedTopicTitleView.swift */,
				56F2FA081E7ACEE9002995D1 /* CYFeaturedTopicCell.swift */,
			);
			path = View;
			sourceTree = "<group>";
		};
		561186C71E7A8516003009D2 /* Live */ = {
			isa = PBXGroup;
			children = (
				561186C81E7A8516003009D2 /* Controller */,
				561186C91E7A8516003009D2 /* Model */,
				561186CA1E7A8516003009D2 /* View */,
			);
			path = Live;
			sourceTree = "<group>";
		};
		561186C81E7A8516003009D2 /* Controller */ = {
			isa = PBXGroup;
			children = (
				561186DB1E7A8597003009D2 /* CYLiveViewController.swift */,
			);
			path = Controller;
			sourceTree = "<group>";
		};
		561186C91E7A8516003009D2 /* Model */ = {
			isa = PBXGroup;
			children = (
			);
			path = Model;
			sourceTree = "<group>";
		};
		561186CA1E7A8516003009D2 /* View */ = {
			isa = PBXGroup;
			children = (
			);
			path = View;
			sourceTree = "<group>";
		};
		561186CB1E7A8516003009D2 /* Mine */ = {
			isa = PBXGroup;
			children = (
				561186CC1E7A8516003009D2 /* Controller */,
				561186CD1E7A8516003009D2 /* Model */,
				561186CE1E7A8516003009D2 /* View */,
			);
			path = Mine;
			sourceTree = "<group>";
		};
		561186CC1E7A8516003009D2 /* Controller */ = {
			isa = PBXGroup;
			children = (
				561186DD1E7A85A1003009D2 /* CYMineViewController.swift */,
			);
			path = Controller;
			sourceTree = "<group>";
		};
		561186CD1E7A8516003009D2 /* Model */ = {
			isa = PBXGroup;
			children = (
			);
			path = Model;
			sourceTree = "<group>";
		};
		561186CE1E7A8516003009D2 /* View */ = {
			isa = PBXGroup;
			children = (
			);
			path = View;
			sourceTree = "<group>";
		};
		561186CF1E7A8516003009D2 /* Radio */ = {
			isa = PBXGroup;
			children = (
				561186D01E7A8516003009D2 /* Controller */,
				561186D11E7A8516003009D2 /* Model */,
				561186D21E7A8516003009D2 /* View */,
			);
			path = Radio;
			sourceTree = "<group>";
		};
		561186D01E7A8516003009D2 /* Controller */ = {
			isa = PBXGroup;
			children = (
				561186DF1E7A85AA003009D2 /* CYRadioViewController.swift */,
			);
			path = Controller;
			sourceTree = "<group>";
		};
		561186D11E7A8516003009D2 /* Model */ = {
			isa = PBXGroup;
			children = (
			);
			path = Model;
			sourceTree = "<group>";
		};
		561186D21E7A8516003009D2 /* View */ = {
			isa = PBXGroup;
			children = (
			);
			path = View;
			sourceTree = "<group>";
		};
		561186D31E7A8516003009D2 /* Search */ = {
			isa = PBXGroup;
			children = (
				561186D41E7A8516003009D2 /* Controller */,
				561186D51E7A8516003009D2 /* Model */,
				561186D61E7A8516003009D2 /* View */,
			);
			path = Search;
			sourceTree = "<group>";
		};
		561186D41E7A8516003009D2 /* Controller */ = {
			isa = PBXGroup;
			children = (
				561186E11E7A85B4003009D2 /* CYSearchViewController.swift */,
			);
			path = Controller;
			sourceTree = "<group>";
		};
		561186D51E7A8516003009D2 /* Model */ = {
			isa = PBXGroup;
			children = (
			);
			path = Model;
			sourceTree = "<group>";
		};
		561186D61E7A8516003009D2 /* View */ = {
			isa = PBXGroup;
			children = (
			);
			path = View;
			sourceTree = "<group>";
		};
		561186E31E7A94E7003009D2 /* Base */ = {
			isa = PBXGroup;
			children = (
				561186E41E7A94E7003009D2 /* Controller */,
				561186E51E7A94E7003009D2 /* Model */,
				561186E61E7A94E7003009D2 /* View */,
			);
			path = Base;
			sourceTree = "<group>";
		};
		561186E41E7A94E7003009D2 /* Controller */ = {
			isa = PBXGroup;
			children = (
				561186E71E7A94F7003009D2 /* CYBaseNavigationController.swift */,
			);
			path = Controller;
			sourceTree = "<group>";
		};
		561186E51E7A94E7003009D2 /* Model */ = {
			isa = PBXGroup;
			children = (
			);
			path = Model;
			sourceTree = "<group>";
		};
		561186E61E7A94E7003009D2 /* View */ = {
			isa = PBXGroup;
			children = (
			);
			path = View;
			sourceTree = "<group>";
		};
		5611873B1E7BAEF1003009D2 /* Other */ = {
			isa = PBXGroup;
			children = (
				561187551E7BC81F003009D2 /* Common */,
				5611875E1E7BC81F003009D2 /* Extension */,
			);
			path = Other;
			sourceTree = "<group>";
		};
		561187551E7BC81F003009D2 /* Common */ = {
			isa = PBXGroup;
			children = (
				561187561E7BC81F003009D2 /* Controller */,
				561187571E7BC81F003009D2 /* Model */,
				561187581E7BC81F003009D2 /* View */,
			);
			path = Common;
			sourceTree = "<group>";
		};
		561187561E7BC81F003009D2 /* Controller */ = {
			isa = PBXGroup;
			children = (
			);
			path = Controller;
			sourceTree = "<group>";
		};
		561187571E7BC81F003009D2 /* Model */ = {
			isa = PBXGroup;
			children = (
			);
			path = Model;
			sourceTree = "<group>";
		};
		561187581E7BC81F003009D2 /* View */ = {
			isa = PBXGroup;
			children = (
				561187591E7BC81F003009D2 /* Carousel */,
			);
			path = View;
			sourceTree = "<group>";
		};
		561187591E7BC81F003009D2 /* Carousel */ = {
			isa = PBXGroup;
			children = (
				5611875A1E7BC81F003009D2 /* CYCarouselView.swift */,
				5611875B1E7BC81F003009D2 /* CYCarouselView.xib */,
				5611875C1E7BC81F003009D2 /* CYCarouselViewCell.swift */,
				5611875D1E7BC81F003009D2 /* CYCarouselViewCell.xib */,
			);
			path = Carousel;
			sourceTree = "<group>";
		};
		5611875E1E7BC81F003009D2 /* Extension */ = {
			isa = PBXGroup;
			children = (
				5611875F1E7BC81F003009D2 /* Foundation */,
				561187601E7BC81F003009D2 /* UIKit */,
			);
			path = Extension;
			sourceTree = "<group>";
		};
		5611875F1E7BC81F003009D2 /* Foundation */ = {
			isa = PBXGroup;
			children = (
			);
			path = Foundation;
			sourceTree = "<group>";
		};
		561187601E7BC81F003009D2 /* UIKit */ = {
			isa = PBXGroup;
			children = (
				561187611E7BC81F003009D2 /* UICollectionViewCell+Extension.swift */,
				561187621E7BC81F003009D2 /* UITableViewCell+Extension.swift */,
				561187631E7BC81F003009D2 /* UIView+Nib.swift */,
				5611876B1E7BC841003009D2 /* UIImageView+Extension.swift */,
			);
			path = UIKit;
			sourceTree = "<group>";
		};
		60A41B03DAC8081B4C67578E /* Frameworks */ = {
			isa = PBXGroup;
			children = (
				8D56F6DDB35E9F33A5FE7895 /* Pods_Dragonfly.framework */,
			);
			name = Frameworks;
			sourceTree = "<group>";
		};
		EA2ED3045962FD760B383DF0 /* Pods */ = {
			isa = PBXGroup;
			children = (
				4249269A82EFFF1689F3D332 /* Pods-Dragonfly.debug.xcconfig */,
				B060701B83D1ED74BEC0FEFA /* Pods-Dragonfly.release.xcconfig */,
			);
			name = Pods;
			sourceTree = "<group>";
		};
/* End PBXGroup section */

/* Begin PBXNativeTarget section */
		561186821E7A8155003009D2 /* Dragonfly */ = {
			isa = PBXNativeTarget;
			buildConfigurationList = 561186AB1E7A8156003009D2 /* Build configuration list for PBXNativeTarget "Dragonfly" */;
			buildPhases = (
				151820887640C193009646AA /* [CP] Check Pods Manifest.lock */,
				5611867F1E7A8155003009D2 /* Sources */,
				561186801E7A8155003009D2 /* Frameworks */,
				561186811E7A8155003009D2 /* Resources */,
				8F869B1228E1D29DD23B7B33 /* [CP] Embed Pods Frameworks */,
				2B2C3E643AFCF44D03E28FE1 /* [CP] Copy Pods Resources */,
			);
			buildRules = (
			);
			dependencies = (
			);
			name = Dragonfly;
			productName = Dragonfly;
			productReference = 561186831E7A8155003009D2 /* Dragonfly.app */;
			productType = "com.apple.product-type.application";
		};
		561186961E7A8156003009D2 /* DragonflyTests */ = {
			isa = PBXNativeTarget;
			buildConfigurationList = 561186AE1E7A8156003009D2 /* Build configuration list for PBXNativeTarget "DragonflyTests" */;
			buildPhases = (
				561186931E7A8156003009D2 /* Sources */,
				561186941E7A8156003009D2 /* Frameworks */,
				561186951E7A8156003009D2 /* Resources */,
			);
			buildRules = (
			);
			dependencies = (
				561186991E7A8156003009D2 /* PBXTargetDependency */,
			);
			name = DragonflyTests;
			productName = DragonflyTests;
			productReference = 561186971E7A8156003009D2 /* DragonflyTests.xctest */;
			productType = "com.apple.product-type.bundle.unit-test";
		};
		561186A11E7A8156003009D2 /* DragonflyUITests */ = {
			isa = PBXNativeTarget;
			buildConfigurationList = 561186B11E7A8156003009D2 /* Build configuration list for PBXNativeTarget "DragonflyUITests" */;
			buildPhases = (
				5611869E1E7A8156003009D2 /* Sources */,
				5611869F1E7A8156003009D2 /* Frameworks */,
				561186A01E7A8156003009D2 /* Resources */,
			);
			buildRules = (
			);
			dependencies = (
				561186A41E7A8156003009D2 /* PBXTargetDependency */,
			);
			name = DragonflyUITests;
			productName = DragonflyUITests;
			productReference = 561186A21E7A8156003009D2 /* DragonflyUITests.xctest */;
			productType = "com.apple.product-type.bundle.ui-testing";
		};
/* End PBXNativeTarget section */

/* Begin PBXProject section */
		5611867B1E7A8155003009D2 /* Project object */ = {
			isa = PBXProject;
			attributes = {
				CLASSPREFIX = CY;
				LastSwiftUpdateCheck = 0820;
				LastUpgradeCheck = 0820;
				ORGANIZATIONNAME = cy;
				TargetAttributes = {
					561186821E7A8155003009D2 = {
						CreatedOnToolsVersion = 8.2.1;
						DevelopmentTeam = XDA2CE2AR2;
						ProvisioningStyle = Manual;
					};
					561186961E7A8156003009D2 = {
						CreatedOnToolsVersion = 8.2.1;
						ProvisioningStyle = Automatic;
						TestTargetID = 561186821E7A8155003009D2;
					};
					561186A11E7A8156003009D2 = {
						CreatedOnToolsVersion = 8.2.1;
						ProvisioningStyle = Automatic;
						TestTargetID = 561186821E7A8155003009D2;
					};
				};
			};
			buildConfigurationList = 5611867E1E7A8155003009D2 /* Build configuration list for PBXProject "Dragonfly" */;
			compatibilityVersion = "Xcode 3.2";
			developmentRegion = English;
			hasScannedForEncodings = 0;
			knownRegions = (
				en,
				Base,
			);
			mainGroup = 5611867A1E7A8155003009D2;
			productRefGroup = 561186841E7A8155003009D2 /* Products */;
			projectDirPath = "";
			projectRoot = "";
			targets = (
				561186821E7A8155003009D2 /* Dragonfly */,
				561186961E7A8156003009D2 /* DragonflyTests */,
				561186A11E7A8156003009D2 /* DragonflyUITests */,
			);
		};
/* End PBXProject section */

/* Begin PBXResourcesBuildPhase section */
		561186811E7A8155003009D2 /* Resources */ = {
			isa = PBXResourcesBuildPhase;
			buildActionMask = 2147483647;
			files = (
				561187651E7BC81F003009D2 /* CYCarouselView.xib in Resources */,
				561187721E7BDC14003009D2 /* CYClassifyViewCell.xib in Resources */,
				561186B81E7A81B8003009D2 /* Assets.xcassets in Resources */,
				561187671E7BC81F003009D2 /* CYCarouselViewCell.xib in Resources */,
				561186EE1E7AAB7F003009D2 /* CYFeaturedViewController.xib in Resources */,
				5611876E1E7BDAE8003009D2 /* CYClassifyViewController.xib in Resources */,
				561187761E7BDC29003009D2 /* CYClassifyViewEditCell.xib in Resources */,
				561186EC1E7A9A8B003009D2 /* CYRootTitleView.xib in Resources */,
			);
			runOnlyForDeploymentPostprocessing = 0;
		};
		561186951E7A8156003009D2 /* Resources */ = {
			isa = PBXResourcesBuildPhase;
			buildActionMask = 2147483647;
			files = (
			);
			runOnlyForDeploymentPostprocessing = 0;
		};
		561186A01E7A8156003009D2 /* Resources */ = {
			isa = PBXResourcesBuildPhase;
			buildActionMask = 2147483647;
			files = (
			);
			runOnlyForDeploymentPostprocessing = 0;
		};
/* End PBXResourcesBuildPhase section */

/* Begin PBXShellScriptBuildPhase section */
		151820887640C193009646AA /* [CP] Check Pods Manifest.lock */ = {
			isa = PBXShellScriptBuildPhase;
			buildActionMask = 2147483647;
			files = (
			);
			inputPaths = (
			);
			name = "[CP] Check Pods Manifest.lock";
			outputPaths = (
			);
			runOnlyForDeploymentPostprocessing = 0;
			shellPath = /bin/sh;
			shellScript = "diff \"${PODS_ROOT}/../Podfile.lock\" \"${PODS_ROOT}/Manifest.lock\" > /dev/null\nif [ $? != 0 ] ; then\n    # print error to STDERR\n    echo \"error: The sandbox is not in sync with the Podfile.lock. Run 'pod install' or update your CocoaPods installation.\" >&2\n    exit 1\nfi\n";
			showEnvVarsInLog = 0;
		};
		2B2C3E643AFCF44D03E28FE1 /* [CP] Copy Pods Resources */ = {
			isa = PBXShellScriptBuildPhase;
			buildActionMask = 2147483647;
			files = (
			);
			inputPaths = (
			);
			name = "[CP] Copy Pods Resources";
			outputPaths = (
			);
			runOnlyForDeploymentPostprocessing = 0;
			shellPath = /bin/sh;
			shellScript = "\"${SRCROOT}/Pods/Target Support Files/Pods-Dragonfly/Pods-Dragonfly-resources.sh\"\n";
			showEnvVarsInLog = 0;
		};
		8F869B1228E1D29DD23B7B33 /* [CP] Embed Pods Frameworks */ = {
			isa = PBXShellScriptBuildPhase;
			buildActionMask = 2147483647;
			files = (
			);
			inputPaths = (
			);
			name = "[CP] Embed Pods Frameworks";
			outputPaths = (
			);
			runOnlyForDeploymentPostprocessing = 0;
			shellPath = /bin/sh;
			shellScript = "\"${SRCROOT}/Pods/Target Support Files/Pods-Dragonfly/Pods-Dragonfly-frameworks.sh\"\n";
			showEnvVarsInLog = 0;
		};
/* End PBXShellScriptBuildPhase section */

/* Begin PBXSourcesBuildPhase section */
		5611867F1E7A8155003009D2 /* Sources */ = {
			isa = PBXSourcesBuildPhase;
			buildActionMask = 2147483647;
			files = (
				561187711E7BDC14003009D2 /* CYClassifyViewCell.swift in Sources */,
				561186E21E7A85B4003009D2 /* CYSearchViewController.swift in Sources */,
				5611876A1E7BC81F003009D2 /* UIView+Nib.swift in Sources */,
				561187681E7BC81F003009D2 /* UICollectionViewCell+Extension.swift in Sources */,
				561186DC1E7A8597003009D2 /* CYLiveViewController.swift in Sources */,
				561186DE1E7A85A1003009D2 /* CYMineViewController.swift in Sources */,
				561186DA1E7A8590003009D2 /* CYFeaturedViewController.swift in Sources */,
				561187641E7BC81F003009D2 /* CYCarouselView.swift in Sources */,
				56F2FA051E7ACE90002995D1 /* CYFeaturedTopicTitleView.swift in Sources */,
				5611876C1E7BC841003009D2 /* UIImageView+Extension.swift in Sources */,
				561186E81E7A94F7003009D2 /* CYBaseNavigationController.swift in Sources */,
				561186E01E7A85AA003009D2 /* CYRadioViewController.swift in Sources */,
				561186F01E7AAC9E003009D2 /* CYFeaturedHeaderView.swift in Sources */,
				561187661E7BC81F003009D2 /* CYCarouselViewCell.swift in Sources */,
				561186BE1E7A8252003009D2 /* CYRootViewController.swift in Sources */,
				561187691E7BC81F003009D2 /* UITableViewCell+Extension.swift in Sources */,
				561186EA1E7A9A7E003009D2 /* CYRootTitleView.swift in Sources */,
				561186D81E7A8585003009D2 /* CYClassifyViewController.swift in Sources */,
				561186B71E7A81B8003009D2 /* AppDelegate.swift in Sources */,
				56F2FA091E7ACEE9002995D1 /* CYFeaturedTopicCell.swift in Sources */,
				561187751E7BDC29003009D2 /* CYClassifyViewEditCell.swift in Sources */,
			);
			runOnlyForDeploymentPostprocessing = 0;
		};
		561186931E7A8156003009D2 /* Sources */ = {
			isa = PBXSourcesBuildPhase;
			buildActionMask = 2147483647;
			files = (
				5611869C1E7A8156003009D2 /* DragonflyTests.swift in Sources */,
			);
			runOnlyForDeploymentPostprocessing = 0;
		};
		5611869E1E7A8156003009D2 /* Sources */ = {
			isa = PBXSourcesBuildPhase;
			buildActionMask = 2147483647;
			files = (
				561186A71E7A8156003009D2 /* DragonflyUITests.swift in Sources */,
			);
			runOnlyForDeploymentPostprocessing = 0;
		};
/* End PBXSourcesBuildPhase section */

/* Begin PBXTargetDependency section */
		561186991E7A8156003009D2 /* PBXTargetDependency */ = {
			isa = PBXTargetDependency;
			target = 561186821E7A8155003009D2 /* Dragonfly */;
			targetProxy = 561186981E7A8156003009D2 /* PBXContainerItemProxy */;
		};
		561186A41E7A8156003009D2 /* PBXTargetDependency */ = {
			isa = PBXTargetDependency;
			target = 561186821E7A8155003009D2 /* Dragonfly */;
			targetProxy = 561186A31E7A8156003009D2 /* PBXContainerItemProxy */;
		};
/* End PBXTargetDependency section */

/* Begin XCBuildConfiguration section */
		561186A91E7A8156003009D2 /* Debug */ = {
			isa = XCBuildConfiguration;
			buildSettings = {
				ALWAYS_SEARCH_USER_PATHS = NO;
				CLANG_ANALYZER_NONNULL = YES;
				CLANG_CXX_LANGUAGE_STANDARD = "gnu++0x";
				CLANG_CXX_LIBRARY = "libc++";
				CLANG_ENABLE_MODULES = YES;
				CLANG_ENABLE_OBJC_ARC = YES;
				CLANG_WARN_BOOL_CONVERSION = YES;
				CLANG_WARN_CONSTANT_CONVERSION = YES;
				CLANG_WARN_DIRECT_OBJC_ISA_USAGE = YES_ERROR;
				CLANG_WARN_DOCUMENTATION_COMMENTS = YES;
				CLANG_WARN_EMPTY_BODY = YES;
				CLANG_WARN_ENUM_CONVERSION = YES;
				CLANG_WARN_INFINITE_RECURSION = YES;
				CLANG_WARN_INT_CONVERSION = YES;
				CLANG_WARN_OBJC_ROOT_CLASS = YES_ERROR;
				CLANG_WARN_SUSPICIOUS_MOVE = YES;
				CLANG_WARN_UNREACHABLE_CODE = YES;
				CLANG_WARN__DUPLICATE_METHOD_MATCH = YES;
				"CODE_SIGN_IDENTITY[sdk=iphoneos*]" = "iPhone Developer";
				COPY_PHASE_STRIP = NO;
				DEBUG_INFORMATION_FORMAT = dwarf;
				ENABLE_STRICT_OBJC_MSGSEND = YES;
				ENABLE_TESTABILITY = YES;
				GCC_C_LANGUAGE_STANDARD = gnu99;
				GCC_DYNAMIC_NO_PIC = NO;
				GCC_NO_COMMON_BLOCKS = YES;
				GCC_OPTIMIZATION_LEVEL = 0;
				GCC_PREPROCESSOR_DEFINITIONS = (
					"DEBUG=1",
					"$(inherited)",
				);
				GCC_WARN_64_TO_32_BIT_CONVERSION = YES;
				GCC_WARN_ABOUT_RETURN_TYPE = YES_ERROR;
				GCC_WARN_UNDECLARED_SELECTOR = YES;
				GCC_WARN_UNINITIALIZED_AUTOS = YES_AGGRESSIVE;
				GCC_WARN_UNUSED_FUNCTION = YES;
				GCC_WARN_UNUSED_VARIABLE = YES;
				IPHONEOS_DEPLOYMENT_TARGET = 10.2;
				MTL_ENABLE_DEBUG_INFO = YES;
				ONLY_ACTIVE_ARCH = YES;
				SDKROOT = iphoneos;
				SWIFT_ACTIVE_COMPILATION_CONDITIONS = DEBUG;
				SWIFT_OPTIMIZATION_LEVEL = "-Onone";
				TARGETED_DEVICE_FAMILY = "1,2";
			};
			name = Debug;
		};
		561186AA1E7A8156003009D2 /* Release */ = {
			isa = XCBuildConfiguration;
			buildSettings = {
				ALWAYS_SEARCH_USER_PATHS = NO;
				CLANG_ANALYZER_NONNULL = YES;
				CLANG_CXX_LANGUAGE_STANDARD = "gnu++0x";
				CLANG_CXX_LIBRARY = "libc++";
				CLANG_ENABLE_MODULES = YES;
				CLANG_ENABLE_OBJC_ARC = YES;
				CLANG_WARN_BOOL_CONVERSION = YES;
				CLANG_WARN_CONSTANT_CONVERSION = YES;
				CLANG_WARN_DIRECT_OBJC_ISA_USAGE = YES_ERROR;
				CLANG_WARN_DOCUMENTATION_COMMENTS = YES;
				CLANG_WARN_EMPTY_BODY = YES;
				CLANG_WARN_ENUM_CONVERSION = YES;
				CLANG_WARN_INFINITE_RECURSION = YES;
				CLANG_WARN_INT_CONVERSION = YES;
				CLANG_WARN_OBJC_ROOT_CLASS = YES_ERROR;
				CLANG_WARN_SUSPICIOUS_MOVE = YES;
				CLANG_WARN_UNREACHABLE_CODE = YES;
				CLANG_WARN__DUPLICATE_METHOD_MATCH = YES;
				"CODE_SIGN_IDENTITY[sdk=iphoneos*]" = "iPhone Developer";
				COPY_PHASE_STRIP = NO;
				DEBUG_INFORMATION_FORMAT = "dwarf-with-dsym";
				ENABLE_NS_ASSERTIONS = NO;
				ENABLE_STRICT_OBJC_MSGSEND = YES;
				GCC_C_LANGUAGE_STANDARD = gnu99;
				GCC_NO_COMMON_BLOCKS = YES;
				GCC_WARN_64_TO_32_BIT_CONVERSION = YES;
				GCC_WARN_ABOUT_RETURN_TYPE = YES_ERROR;
				GCC_WARN_UNDECLARED_SELECTOR = YES;
				GCC_WARN_UNINITIALIZED_AUTOS = YES_AGGRESSIVE;
				GCC_WARN_UNUSED_FUNCTION = YES;
				GCC_WARN_UNUSED_VARIABLE = YES;
				IPHONEOS_DEPLOYMENT_TARGET = 10.2;
				MTL_ENABLE_DEBUG_INFO = NO;
				SDKROOT = iphoneos;
				SWIFT_OPTIMIZATION_LEVEL = "-Owholemodule";
				TARGETED_DEVICE_FAMILY = "1,2";
				VALIDATE_PRODUCT = YES;
			};
			name = Release;
		};
		561186AC1E7A8156003009D2 /* Debug */ = {
			isa = XCBuildConfiguration;
			baseConfigurationReference = 4249269A82EFFF1689F3D332 /* Pods-Dragonfly.debug.xcconfig */;
			buildSettings = {
				ASSETCATALOG_COMPILER_APPICON_NAME = AppIcon;
				DEVELOPMENT_TEAM = XDA2CE2AR2;
				INFOPLIST_FILE = Dragonfly/Info.plist;
				IPHONEOS_DEPLOYMENT_TARGET = 8.0;
				LD_RUNPATH_SEARCH_PATHS = "$(inherited) @executable_path/Frameworks";
				PRODUCT_BUNDLE_IDENTIFIER = c.Dragonfly;
				PRODUCT_NAME = "$(TARGET_NAME)";
				PROVISIONING_PROFILE = "f725eb8f-85fa-4e6d-b54e-f3ae2f06abd3";
				PROVISIONING_PROFILE_SPECIFIER = whjAll_profile_dev;
				SWIFT_VERSION = 3.0;
			};
			name = Debug;
		};
		561186AD1E7A8156003009D2 /* Release */ = {
			isa = XCBuildConfiguration;
			baseConfigurationReference = B060701B83D1ED74BEC0FEFA /* Pods-Dragonfly.release.xcconfig */;
			buildSettings = {
				ASSETCATALOG_COMPILER_APPICON_NAME = AppIcon;
				DEVELOPMENT_TEAM = XDA2CE2AR2;
				INFOPLIST_FILE = Dragonfly/Info.plist;
				IPHONEOS_DEPLOYMENT_TARGET = 8.0;
				LD_RUNPATH_SEARCH_PATHS = "$(inherited) @executable_path/Frameworks";
				PRODUCT_BUNDLE_IDENTIFIER = c.Dragonfly;
				PRODUCT_NAME = "$(TARGET_NAME)";
				PROVISIONING_PROFILE = "f725eb8f-85fa-4e6d-b54e-f3ae2f06abd3";
				PROVISIONING_PROFILE_SPECIFIER = whjAll_profile_dev;
				SWIFT_VERSION = 3.0;
			};
			name = Release;
		};
		561186AF1E7A8156003009D2 /* Debug */ = {
			isa = XCBuildConfiguration;
			buildSettings = {
				ALWAYS_EMBED_SWIFT_STANDARD_LIBRARIES = YES;
				BUNDLE_LOADER = "$(TEST_HOST)";
				INFOPLIST_FILE = DragonflyTests/Info.plist;
				LD_RUNPATH_SEARCH_PATHS = "$(inherited) @executable_path/Frameworks @loader_path/Frameworks";
				PRODUCT_BUNDLE_IDENTIFIER = c.DragonflyTests;
				PRODUCT_NAME = "$(TARGET_NAME)";
				SWIFT_VERSION = 3.0;
				TEST_HOST = "$(BUILT_PRODUCTS_DIR)/Dragonfly.app/Dragonfly";
			};
			name = Debug;
		};
		561186B01E7A8156003009D2 /* Release */ = {
			isa = XCBuildConfiguration;
			buildSettings = {
				ALWAYS_EMBED_SWIFT_STANDARD_LIBRARIES = YES;
				BUNDLE_LOADER = "$(TEST_HOST)";
				INFOPLIST_FILE = DragonflyTests/Info.plist;
				LD_RUNPATH_SEARCH_PATHS = "$(inherited) @executable_path/Frameworks @loader_path/Frameworks";
				PRODUCT_BUNDLE_IDENTIFIER = c.DragonflyTests;
				PRODUCT_NAME = "$(TARGET_NAME)";
				SWIFT_VERSION = 3.0;
				TEST_HOST = "$(BUILT_PRODUCTS_DIR)/Dragonfly.app/Dragonfly";
			};
			name = Release;
		};
		561186B21E7A8156003009D2 /* Debug */ = {
			isa = XCBuildConfiguration;
			buildSettings = {
				ALWAYS_EMBED_SWIFT_STANDARD_LIBRARIES = YES;
				INFOPLIST_FILE = DragonflyUITests/Info.plist;
				LD_RUNPATH_SEARCH_PATHS = "$(inherited) @executable_path/Frameworks @loader_path/Frameworks";
				PRODUCT_BUNDLE_IDENTIFIER = c.DragonflyUITests;
				PRODUCT_NAME = "$(TARGET_NAME)";
				SWIFT_VERSION = 3.0;
				TEST_TARGET_NAME = Dragonfly;
			};
			name = Debug;
		};
		561186B31E7A8156003009D2 /* Release */ = {
			isa = XCBuildConfiguration;
			buildSettings = {
				ALWAYS_EMBED_SWIFT_STANDARD_LIBRARIES = YES;
				INFOPLIST_FILE = DragonflyUITests/Info.plist;
				LD_RUNPATH_SEARCH_PATHS = "$(inherited) @executable_path/Frameworks @loader_path/Frameworks";
				PRODUCT_BUNDLE_IDENTIFIER = c.DragonflyUITests;
				PRODUCT_NAME = "$(TARGET_NAME)";
				SWIFT_VERSION = 3.0;
				TEST_TARGET_NAME = Dragonfly;
			};
			name = Release;
		};
/* End XCBuildConfiguration section */

/* Begin XCConfigurationList section */
		5611867E1E7A8155003009D2 /* Build configuration list for PBXProject "Dragonfly" */ = {
			isa = XCConfigurationList;
			buildConfigurations = (
				561186A91E7A8156003009D2 /* Debug */,
				561186AA1E7A8156003009D2 /* Release */,
			);
			defaultConfigurationIsVisible = 0;
			defaultConfigurationName = Release;
		};
		561186AB1E7A8156003009D2 /* Build configuration list for PBXNativeTarget "Dragonfly" */ = {
			isa = XCConfigurationList;
			buildConfigurations = (
				561186AC1E7A8156003009D2 /* Debug */,
				561186AD1E7A8156003009D2 /* Release */,
			);
			defaultConfigurationIsVisible = 0;
			defaultConfigurationName = Release;
		};
		561186AE1E7A8156003009D2 /* Build configuration list for PBXNativeTarget "DragonflyTests" */ = {
			isa = XCConfigurationList;
			buildConfigurations = (
				561186AF1E7A8156003009D2 /* Debug */,
				561186B01E7A8156003009D2 /* Release */,
			);
			defaultConfigurationIsVisible = 0;
			defaultConfigurationName = Release;
		};
		561186B11E7A8156003009D2 /* Build configuration list for PBXNativeTarget "DragonflyUITests" */ = {
			isa = XCConfigurationList;
			buildConfigurations = (
				561186B21E7A8156003009D2 /* Debug */,
				561186B31E7A8156003009D2 /* Release */,
			);
			defaultConfigurationIsVisible = 0;
			defaultConfigurationName = Release;
		};
/* End XCConfigurationList section */
	};
	rootObject = 5611867B1E7A8155003009D2 /* Project object */;
}
